
Microsoft Visual Studio Solution File, Format Version 12.00
# Visual Studio Version 17
VisualStudioVersion = 17.7.34024.191
MinimumVisualStudioVersion = 10.0.40219.1
Project("{2150E333-8FDC-42A3-9474-1A3956D46DE8}") = "Task0", "Task0", "{AD647354-D87C-4139-A248-295C5381ABD3}"
EndProject
Project("{FAE04EC0-301F-11D3-BF4B-00C04F79EFBC}") = "Tyuiu.NasyrovaVR.Sprint5.Task0.V22", "Tyuiu.NasyrovaVR.Sprint5.Task0.V22\Tyuiu.NasyrovaVR.Sprint5.Task0.V22.csproj", "{BAD7B4FB-55EF-464C-BC97-2735B794648C}"
EndProject
Project("{FAE04EC0-301F-11D3-BF4B-00C04F79EFBC}") = "Tyuiu.NasyrovaVR.Sprint5.Task0.V22.Lib", "Tyuiu.NasyrovaVR.Sprint5.Task0.V22.Lib\Tyuiu.NasyrovaVR.Sprint5.Task0.V22.Lib.csproj", "{71C38664-9883-47B6-A60D-65F1DC970874}"
EndProject
Project("{FAE04EC0-301F-11D3-BF4B-00C04F79EFBC}") = "Tyuiu.NasyrovaVR.Sprint5.Task0.V22.Test", "Tyuiu.NasyrovaVR.Sprint5.Task0.V22.Test\Tyuiu.NasyrovaVR.Sprint5.Task0.V22.Test.csproj", "{29A57145-A3E1-4094-9161-9CD1430F6FD8}"
EndProject
Project("{2150E333-8FDC-42A3-9474-1A3956D46DE8}") = "Task1", "Task1", "{EAA7CDDE-F70E-4339-AB1C-63944552F0E6}"
EndProject
Project("{FAE04EC0-301F-11D3-BF4B-00C04F79EFBC}") = "Tyuiu.NasyrovaVR.Sprint5.Task1.V15", "Tyuiu.NasyrovaVR.Sprint5.Task1.V15\Tyuiu.NasyrovaVR.Sprint5.Task1.V15.csproj", "{EB0A011E-7992-4EFC-92BB-C30832C779C6}"
EndProject
Project("{FAE04EC0-301F-11D3-BF4B-00C04F79EFBC}") = "Tyuiu.NasyrovaVR.Sprint5.Task1.V15.Lib", "Tyuiu.NasyrovaVR.Sprint5.Task1.V15.Lib;\Tyuiu.NasyrovaVR.Sprint5.Task1.V15.Lib.csproj", "{B87C8670-643D-44EB-84BD-0F3ADB2515DA}"
EndProject
Project("{FAE04EC0-301F-11D3-BF4B-00C04F79EFBC}") = "Tyuiu.NasyrovaVR.Sprint5.Task1.V15.Test", "Tyuiu.NasyrovaVR.Sprint5.Task1.V15.Test\Tyuiu.NasyrovaVR.Sprint5.Task1.V15.Test.csproj", "{3A63F933-2E7D-4BAF-AFA8-A6F59CE41C62}"
EndProject
Project("{2150E333-8FDC-42A3-9474-1A3956D46DE8}") = "Task2", "Task2", "{9A0EA21B-689C-4DFF-9D87-51C7D2970763}"
EndProject
Project("{FAE04EC0-301F-11D3-BF4B-00C04F79EFBC}") = "Tyuiu.NasyrovaVR.Sprint5.Task2.V6", "Tyuiu.NasyrovaVR.Sprint5.Task2.V6\Tyuiu.NasyrovaVR.Sprint5.Task2.V6.csproj", "{D29CF756-8C48-42F1-857E-A6F40A856078}"
EndProject
Project("{FAE04EC0-301F-11D3-BF4B-00C04F79EFBC}") = "Tyuiu.NasyrovaVR.Sprint5.Task2.V6.Lib", "Tyuiu.NasyrovaVR.Sprint5.Task2.V6.Lib\Tyuiu.NasyrovaVR.Sprint5.Task2.V6.Lib.csproj", "{17D4E74F-7DD5-4398-A18A-CF592993B4BE}"
EndProject
Project("{FAE04EC0-301F-11D3-BF4B-00C04F79EFBC}") = "Tyuiu.NasyrovaVR.Sprint5.Task2.V6.Test", "Tyuiu.NasyrovaVR.Sprint5.Task2.V6.Test\Tyuiu.NasyrovaVR.Sprint5.Task2.V6.Test.csproj", "{2B131BAE-F6FD-4C98-AE49-9315FBE2CCDB}"
EndProject
Project("{2150E333-8FDC-42A3-9474-1A3956D46DE8}") = "Task3", "Task3", "{07BDED22-3A7D-4D7C-BC82-D95186A54976}"
EndProject
Project("{FAE04EC0-301F-11D3-BF4B-00C04F79EFBC}") = "Tyuiu.NasyrovaVR.Sprint5.Task3.V29", "Tyuiu.NasyrovaVR.Sprint5.Task3.V29\Tyuiu.NasyrovaVR.Sprint5.Task3.V29.csproj", "{60B291CD-8117-4E26-96AD-7830A790985A}"
EndProject
Project("{FAE04EC0-301F-11D3-BF4B-00C04F79EFBC}") = "Tyuiu.NasyrovaVR.Sprint5.Task3.V29.Lib", "Tyuiu.NasyrovaVR.Sprint5.Task3.V29.Lib\Tyuiu.NasyrovaVR.Sprint5.Task3.V29.Lib.csproj", "{27DA004B-F180-44A8-B2D6-A0EE9711BA94}"
EndProject
Project("{FAE04EC0-301F-11D3-BF4B-00C04F79EFBC}") = "Tyuiu.NasyrovaVR.Sprint5.Task3.V29.Test", "Tyuiu.NasyrovaVR.Sprint5.Task3.V29.Test\Tyuiu.NasyrovaVR.Sprint5.Task3.V29.Test.csproj", "{2C177805-6060-4472-B64D-BDB0DBFA3E5F}"
EndProject
Project("{2150E333-8FDC-42A3-9474-1A3956D46DE8}") = "Task4", "Task4", "{F4028B3D-F2BE-45E2-AB19-CAC146BF0DCA}"
EndProject
Project("{FAE04EC0-301F-11D3-BF4B-00C04F79EFBC}") = "Tyuiu.NasyrovaVR.Sprint5.Task4.V18", "Tyuiu.NasyrovaVR.Sprint5.Task4.V18\Tyuiu.NasyrovaVR.Sprint5.Task4.V18.csproj", "{6752C926-C9D7-4C56-822A-21CDDC37FCC9}"
EndProject
Project("{FAE04EC0-301F-11D3-BF4B-00C04F79EFBC}") = "Tyuiu.NasyrovaVR.Sprint5.Task4.V18.Lib", "Tyuiu.NasyrovaVR.Sprint5.Task4.V18.Lib\Tyuiu.NasyrovaVR.Sprint5.Task4.V18.Lib.csproj", "{36CABE52-DF69-4F48-9D6F-E4C61E4332B1}"
EndProject
Project("{FAE04EC0-301F-11D3-BF4B-00C04F79EFBC}") = "Tyuiu.NasyrovaVR.Sprint5.Task4.V18.Test", "Tyuiu.NasyrovaVR.Sprint5.Task4.V18.Test\Tyuiu.NasyrovaVR.Sprint5.Task4.V18.Test.csproj", "{ED0A29A7-A0C5-4162-A11B-15F32B6A6126}"
EndProject
Global
	GlobalSection(SolutionConfigurationPlatforms) = preSolution
		Debug|Any CPU = Debug|Any CPU
		Release|Any CPU = Release|Any CPU
	EndGlobalSection
	GlobalSection(ProjectConfigurationPlatforms) = postSolution
		{BAD7B4FB-55EF-464C-BC97-2735B794648C}.Debug|Any CPU.ActiveCfg = Debug|Any CPU
		{BAD7B4FB-55EF-464C-BC97-2735B794648C}.Debug|Any CPU.Build.0 = Debug|Any CPU
		{BAD7B4FB-55EF-464C-BC97-2735B794648C}.Release|Any CPU.ActiveCfg = Release|Any CPU
		{BAD7B4FB-55EF-464C-BC97-2735B794648C}.Release|Any CPU.Build.0 = Release|Any CPU
		{71C38664-9883-47B6-A60D-65F1DC970874}.Debug|Any CPU.ActiveCfg = Debug|Any CPU
		{71C38664-9883-47B6-A60D-65F1DC970874}.Debug|Any CPU.Build.0 = Debug|Any CPU
		{71C38664-9883-47B6-A60D-65F1DC970874}.Release|Any CPU.ActiveCfg = Release|Any CPU
		{71C38664-9883-47B6-A60D-65F1DC970874}.Release|Any CPU.Build.0 = Release|Any CPU
		{29A57145-A3E1-4094-9161-9CD1430F6FD8}.Debug|Any CPU.ActiveCfg = Debug|Any CPU
		{29A57145-A3E1-4094-9161-9CD1430F6FD8}.Debug|Any CPU.Build.0 = Debug|Any CPU
		{29A57145-A3E1-4094-9161-9CD1430F6FD8}.Release|Any CPU.ActiveCfg = Release|Any CPU
		{29A57145-A3E1-4094-9161-9CD1430F6FD8}.Release|Any CPU.Build.0 = Release|Any CPU
		{EB0A011E-7992-4EFC-92BB-C30832C779C6}.Debug|Any CPU.ActiveCfg = Debug|Any CPU
		{EB0A011E-7992-4EFC-92BB-C30832C779C6}.Debug|Any CPU.Build.0 = Debug|Any CPU
		{EB0A011E-7992-4EFC-92BB-C30832C779C6}.Release|Any CPU.ActiveCfg = Release|Any CPU
		{EB0A011E-7992-4EFC-92BB-C30832C779C6}.Release|Any CPU.Build.0 = Release|Any CPU
		{B87C8670-643D-44EB-84BD-0F3ADB2515DA}.Debug|Any CPU.ActiveCfg = Debug|Any CPU
		{B87C8670-643D-44EB-84BD-0F3ADB2515DA}.Debug|Any CPU.Build.0 = Debug|Any CPU
		{B87C8670-643D-44EB-84BD-0F3ADB2515DA}.Release|Any CPU.ActiveCfg = Release|Any CPU
		{B87C8670-643D-44EB-84BD-0F3ADB2515DA}.Release|Any CPU.Build.0 = Release|Any CPU
		{3A63F933-2E7D-4BAF-AFA8-A6F59CE41C62}.Debug|Any CPU.ActiveCfg = Debug|Any CPU
		{3A63F933-2E7D-4BAF-AFA8-A6F59CE41C62}.Debug|Any CPU.Build.0 = Debug|Any CPU
		{3A63F933-2E7D-4BAF-AFA8-A6F59CE41C62}.Release|Any CPU.ActiveCfg = Release|Any CPU
		{3A63F933-2E7D-4BAF-AFA8-A6F59CE41C62}.Release|Any CPU.Build.0 = Release|Any CPU
		{D29CF756-8C48-42F1-857E-A6F40A856078}.Debug|Any CPU.ActiveCfg = Debug|Any CPU
		{D29CF756-8C48-42F1-857E-A6F40A856078}.Debug|Any CPU.Build.0 = Debug|Any CPU
		{D29CF756-8C48-42F1-857E-A6F40A856078}.Release|Any CPU.ActiveCfg = Release|Any CPU
		{D29CF756-8C48-42F1-857E-A6F40A856078}.Release|Any CPU.Build.0 = Release|Any CPU
		{17D4E74F-7DD5-4398-A18A-CF592993B4BE}.Debug|Any CPU.ActiveCfg = Debug|Any CPU
		{17D4E74F-7DD5-4398-A18A-CF592993B4BE}.Debug|Any CPU.Build.0 = Debug|Any CPU
		{17D4E74F-7DD5-4398-A18A-CF592993B4BE}.Release|Any CPU.ActiveCfg = Release|Any CPU
		{17D4E74F-7DD5-4398-A18A-CF592993B4BE}.Release|Any CPU.Build.0 = Release|Any CPU
		{2B131BAE-F6FD-4C98-AE49-9315FBE2CCDB}.Debug|Any CPU.ActiveCfg = Debug|Any CPU
		{2B131BAE-F6FD-4C98-AE49-9315FBE2CCDB}.Debug|Any CPU.Build.0 = Debug|Any CPU
		{2B131BAE-F6FD-4C98-AE49-9315FBE2CCDB}.Release|Any CPU.ActiveCfg = Release|Any CPU
		{2B131BAE-F6FD-4C98-AE49-9315FBE2CCDB}.Release|Any CPU.Build.0 = Release|Any CPU
		{60B291CD-8117-4E26-96AD-7830A790985A}.Debug|Any CPU.ActiveCfg = Debug|Any CPU
		{60B291CD-8117-4E26-96AD-7830A790985A}.Debug|Any CPU.Build.0 = Debug|Any CPU
		{60B291CD-8117-4E26-96AD-7830A790985A}.Release|Any CPU.ActiveCfg = Release|Any CPU
		{60B291CD-8117-4E26-96AD-7830A790985A}.Release|Any CPU.Build.0 = Release|Any CPU
		{27DA004B-F180-44A8-B2D6-A0EE9711BA94}.Debug|Any CPU.ActiveCfg = Debug|Any CPU
		{27DA004B-F180-44A8-B2D6-A0EE9711BA94}.Debug|Any CPU.Build.0 = Debug|Any CPU
		{27DA004B-F180-44A8-B2D6-A0EE9711BA94}.Release|Any CPU.ActiveCfg = Release|Any CPU
		{27DA004B-F180-44A8-B2D6-A0EE9711BA94}.Release|Any CPU.Build.0 = Release|Any CPU
		{2C177805-6060-4472-B64D-BDB0DBFA3E5F}.Debug|Any CPU.ActiveCfg = Debug|Any CPU
		{2C177805-6060-4472-B64D-BDB0DBFA3E5F}.Debug|Any CPU.Build.0 = Debug|Any CPU
		{2C177805-6060-4472-B64D-BDB0DBFA3E5F}.Release|Any CPU.ActiveCfg = Release|Any CPU
		{2C177805-6060-4472-B64D-BDB0DBFA3E5F}.Release|Any CPU.Build.0 = Release|Any CPU
		{6752C926-C9D7-4C56-822A-21CDDC37FCC9}.Debug|Any CPU.ActiveCfg = Debug|Any CPU
		{6752C926-C9D7-4C56-822A-21CDDC37FCC9}.Debug|Any CPU.Build.0 = Debug|Any CPU
		{6752C926-C9D7-4C56-822A-21CDDC37FCC9}.Release|Any CPU.ActiveCfg = Release|Any CPU
		{6752C926-C9D7-4C56-822A-21CDDC37FCC9}.Release|Any CPU.Build.0 = Release|Any CPU
		{36CABE52-DF69-4F48-9D6F-E4C61E4332B1}.Debug|Any CPU.ActiveCfg = Debug|Any CPU
		{36CABE52-DF69-4F48-9D6F-E4C61E4332B1}.Debug|Any CPU.Build.0 = Debug|Any CPU
		{36CABE52-DF69-4F48-9D6F-E4C61E4332B1}.Release|Any CPU.ActiveCfg = Release|Any CPU
		{36CABE52-DF69-4F48-9D6F-E4C61E4332B1}.Release|Any CPU.Build.0 = Release|Any CPU
		{ED0A29A7-A0C5-4162-A11B-15F32B6A6126}.Debug|Any CPU.ActiveCfg = Debug|Any CPU
		{ED0A29A7-A0C5-4162-A11B-15F32B6A6126}.Debug|Any CPU.Build.0 = Debug|Any CPU
		{ED0A29A7-A0C5-4162-A11B-15F32B6A6126}.Release|Any CPU.ActiveCfg = Release|Any CPU
		{ED0A29A7-A0C5-4162-A11B-15F32B6A6126}.Release|Any CPU.Build.0 = Release|Any CPU
	EndGlobalSection
	GlobalSection(SolutionProperties) = preSolution
		HideSolutionNode = FALSE
	EndGlobalSection
	GlobalSection(NestedProjects) = preSolution
		{BAD7B4FB-55EF-464C-BC97-2735B794648C} = {AD647354-D87C-4139-A248-295C5381ABD3}
		{71C38664-9883-47B6-A60D-65F1DC970874} = {AD647354-D87C-4139-A248-295C5381ABD3}
		{29A57145-A3E1-4094-9161-9CD1430F6FD8} = {AD647354-D87C-4139-A248-295C5381ABD3}
		{EB0A011E-7992-4EFC-92BB-C30832C779C6} = {EAA7CDDE-F70E-4339-AB1C-63944552F0E6}
		{B87C8670-643D-44EB-84BD-0F3ADB2515DA} = {EAA7CDDE-F70E-4339-AB1C-63944552F0E6}
		{3A63F933-2E7D-4BAF-AFA8-A6F59CE41C62} = {EAA7CDDE-F70E-4339-AB1C-63944552F0E6}
		{D29CF756-8C48-42F1-857E-A6F40A856078} = {9A0EA21B-689C-4DFF-9D87-51C7D2970763}
		{17D4E74F-7DD5-4398-A18A-CF592993B4BE} = {9A0EA21B-689C-4DFF-9D87-51C7D2970763}
		{2B131BAE-F6FD-4C98-AE49-9315FBE2CCDB} = {9A0EA21B-689C-4DFF-9D87-51C7D2970763}
		{60B291CD-8117-4E26-96AD-7830A790985A} = {07BDED22-3A7D-4D7C-BC82-D95186A54976}
		{27DA004B-F180-44A8-B2D6-A0EE9711BA94} = {07BDED22-3A7D-4D7C-BC82-D95186A54976}
		{2C177805-6060-4472-B64D-BDB0DBFA3E5F} = {07BDED22-3A7D-4D7C-BC82-D95186A54976}
		{6752C926-C9D7-4C56-822A-21CDDC37FCC9} = {F4028B3D-F2BE-45E2-AB19-CAC146BF0DCA}
		{36CABE52-DF69-4F48-9D6F-E4C61E4332B1} = {F4028B3D-F2BE-45E2-AB19-CAC146BF0DCA}
		{ED0A29A7-A0C5-4162-A11B-15F32B6A6126} = {F4028B3D-F2BE-45E2-AB19-CAC146BF0DCA}
	EndGlobalSection
	GlobalSection(ExtensibilityGlobals) = postSolution
		SolutionGuid = {7EBC194E-E0D7-4A9C-991D-B751DD17C94E}
	EndGlobalSection
EndGlobal
